
Microsoft Visual Studio Solution File, Format Version 12.00
# Visual Studio 15
VisualStudioVersion = 15.0.27130.2027
MinimumVisualStudioVersion = 10.0.40219.1
Project("{FAE04EC0-301F-11D3-BF4B-00C04F79EFBC}") = "GildedRose.Test", "GildedRose.Test\GildedRose.Test.csproj", "{A373E77E-FDCB-4FCF-A349-21F0194403D4}"
EndProject
Project("{9A19103F-16F7-4668-BE54-9A1E7A4F7556}") = "GildedRoseBusinessLogic", "GildedRoseBusinessLogic\GildedRoseBusinessLogic.csproj", "{786654B0-FB26-47B1-8F07-8E787FDDF752}"
EndProject
Project("{FAE04EC0-301F-11D3-BF4B-00C04F79EFBC}") = "GildedRoseApp", "GildedRoseApp\GildedRoseApp.csproj", "{8926CDB7-598E-48C7-AF53-1AEC1CDB5567}"
EndProject
Global
	GlobalSection(SolutionConfigurationPlatforms) = preSolution
		Debug|Any CPU = Debug|Any CPU
		Debug|x64 = Debug|x64
		Debug|x86 = Debug|x86
		Release|Any CPU = Release|Any CPU
		Release|x64 = Release|x64
		Release|x86 = Release|x86
	EndGlobalSection
	GlobalSection(ProjectConfigurationPlatforms) = postSolution
		{A373E77E-FDCB-4FCF-A349-21F0194403D4}.Debug|Any CPU.ActiveCfg = Debug|Any CPU
		{A373E77E-FDCB-4FCF-A349-21F0194403D4}.Debug|Any CPU.Build.0 = Debug|Any CPU
		{A373E77E-FDCB-4FCF-A349-21F0194403D4}.Debug|x64.ActiveCfg = Debug|x64
		{A373E77E-FDCB-4FCF-A349-21F0194403D4}.Debug|x64.Build.0 = Debug|x64
		{A373E77E-FDCB-4FCF-A349-21F0194403D4}.Debug|x86.ActiveCfg = Debug|x86
		{A373E77E-FDCB-4FCF-A349-21F0194403D4}.Debug|x86.Build.0 = Debug|x86
		{A373E77E-FDCB-4FCF-A349-21F0194403D4}.Release|Any CPU.ActiveCfg = Release|Any CPU
		{A373E77E-FDCB-4FCF-A349-21F0194403D4}.Release|Any CPU.Build.0 = Release|Any CPU
		{A373E77E-FDCB-4FCF-A349-21F0194403D4}.Release|x64.ActiveCfg = Release|x64
		{A373E77E-FDCB-4FCF-A349-21F0194403D4}.Release|x64.Build.0 = Release|x64
		{A373E77E-FDCB-4FCF-A349-21F0194403D4}.Release|x86.ActiveCfg = Release|x86
		{A373E77E-FDCB-4FCF-A349-21F0194403D4}.Release|x86.Build.0 = Release|x86
		{786654B0-FB26-47B1-8F07-8E787FDDF752}.Debug|Any CPU.ActiveCfg = Debug|Any CPU
		{786654B0-FB26-47B1-8F07-8E787FDDF752}.Debug|Any CPU.Build.0 = Debug|Any CPU
		{786654B0-FB26-47B1-8F07-8E787FDDF752}.Debug|x64.ActiveCfg = Debug|Any CPU
		{786654B0-FB26-47B1-8F07-8E787FDDF752}.Debug|x64.Build.0 = Debug|Any CPU
		{786654B0-FB26-47B1-8F07-8E787FDDF752}.Debug|x86.ActiveCfg = Debug|Any CPU
		{786654B0-FB26-47B1-8F07-8E787FDDF752}.Debug|x86.Build.0 = Debug|Any CPU
		{786654B0-FB26-47B1-8F07-8E787FDDF752}.Release|Any CPU.ActiveCfg = Release|Any CPU
		{786654B0-FB26-47B1-8F07-8E787FDDF752}.Release|Any CPU.Build.0 = Release|Any CPU
		{786654B0-FB26-47B1-8F07-8E787FDDF752}.Release|x64.ActiveCfg = Release|Any CPU
		{786654B0-FB26-47B1-8F07-8E787FDDF752}.Release|x64.Build.0 = Release|Any CPU
		{786654B0-FB26-47B1-8F07-8E787FDDF752}.Release|x86.ActiveCfg = Release|Any CPU
		{786654B0-FB26-47B1-8F07-8E787FDDF752}.Release|x86.Build.0 = Release|Any CPU
		{8926CDB7-598E-48C7-AF53-1AEC1CDB5567}.Debug|Any CPU.ActiveCfg = Debug|Any CPU
		{8926CDB7-598E-48C7-AF53-1AEC1CDB5567}.Debug|Any CPU.Build.0 = Debug|Any CPU
		{8926CDB7-598E-48C7-AF53-1AEC1CDB5567}.Debug|x64.ActiveCfg = Debug|Any CPU
		{8926CDB7-598E-48C7-AF53-1AEC1CDB5567}.Debug|x64.Build.0 = Debug|Any CPU
		{8926CDB7-598E-48C7-AF53-1AEC1CDB5567}.Debug|x86.ActiveCfg = Debug|Any CPU
		{8926CDB7-598E-48C7-AF53-1AEC1CDB5567}.Debug|x86.Build.0 = Debug|Any CPU
		{8926CDB7-598E-48C7-AF53-1AEC1CDB5567}.Release|Any CPU.ActiveCfg = Release|Any CPU
		{8926CDB7-598E-48C7-AF53-1AEC1CDB5567}.Release|Any CPU.Build.0 = Release|Any CPU
		{8926CDB7-598E-48C7-AF53-1AEC1CDB5567}.Release|x64.ActiveCfg = Release|Any CPU
		{8926CDB7-598E-48C7-AF53-1AEC1CDB5567}.Release|x64.Build.0 = Release|Any CPU
		{8926CDB7-598E-48C7-AF53-1AEC1CDB5567}.Release|x86.ActiveCfg = Release|Any CPU
		{8926CDB7-598E-48C7-AF53-1AEC1CDB5567}.Release|x86.Build.0 = Release|Any CPU
	EndGlobalSection
	GlobalSection(SolutionProperties) = preSolution
		HideSolutionNode = FALSE
	EndGlobalSection
	GlobalSection(ExtensibilityGlobals) = postSolution
		SolutionGuid = {C0DCB1D4-6DBB-45A1-A8B3-DCB5EFE8018F}
	EndGlobalSection
EndGlobal
